
Microsoft Visual Studio Solution File, Format Version 12.00
# Visual Studio Version 16
VisualStudioVersion = 16.0.30717.126
MinimumVisualStudioVersion = 10.0.40219.1
Project("{2150E333-8FDC-42A3-9474-1A3956D46DE8}") = "1.- Security", "1.- Security", "{42AC326A-456E-403A-B131-88C43F403D06}"
EndProject
Project("{2150E333-8FDC-42A3-9474-1A3956D46DE8}") = "2.- Account", "2.- Account", "{5D52D5FF-CB1C-4988-A9FD-0832F706815E}"
EndProject
Project("{2150E333-8FDC-42A3-9474-1A3956D46DE8}") = "3.- Transaction", "3.- Transaction", "{44D69030-29DD-4767-85CE-D9CA03BF3C29}"
EndProject
Project("{2150E333-8FDC-42A3-9474-1A3956D46DE8}") = "4.- Report", "4.- Report", "{B767DD71-FEA4-4D3B-BD05-DB5B8E7FA767}"
EndProject
Project("{9A19103F-16F7-4668-BE54-9A1E7A4F7556}") = "AFORO255.AZURE.Account", "AFORO255.AZURE.Account\AFORO255.AZURE.Account.csproj", "{9D461AA7-00F0-4516-8CA8-1BB879DE2A38}"
EndProject
Project("{9A19103F-16F7-4668-BE54-9A1E7A4F7556}") = "AFORO255.AZURE.Transaction", "AFORO255.AZURE.Transaction\AFORO255.AZURE.Transaction.csproj", "{8EED14C0-F297-4E1C-85B1-583E9670B6C2}"
EndProject
Project("{9A19103F-16F7-4668-BE54-9A1E7A4F7556}") = "AFORO255.AZURE.Report", "AFORO255.AZURE.Report\AFORO255.AZURE.Report.csproj", "{F98F13E0-F22D-4607-B0E0-8631BE7C0535}"
EndProject
Project("{9A19103F-16F7-4668-BE54-9A1E7A4F7556}") = "AFORO255.AZURE.Security", "AFORO255.AZURE.Security\AFORO255.AZURE.Security.csproj", "{49B215C2-538E-42BD-9520-40339DFEA426}"
EndProject
Project("{FAE04EC0-301F-11D3-BF4B-00C04F79EFBC}") = "AFORO255.AZURE.Subscribe", "AFORO255.AZURE.Subscribe\AFORO255.AZURE.Subscribe.csproj", "{717710FB-A635-4D4B-B5C2-52D0117F3138}"
EndProject
Project("{E53339B2-1760-4266-BCC7-CA923CBCF16C}") = "docker-compose", "docker-compose.dcproj", "{5095D985-CA46-4DA6-ABA5-769789F235BA}"
EndProject
Global
	GlobalSection(SolutionConfigurationPlatforms) = preSolution
		Debug|Any CPU = Debug|Any CPU
		Release|Any CPU = Release|Any CPU
	EndGlobalSection
	GlobalSection(ProjectConfigurationPlatforms) = postSolution
		{9D461AA7-00F0-4516-8CA8-1BB879DE2A38}.Debug|Any CPU.ActiveCfg = Debug|Any CPU
		{9D461AA7-00F0-4516-8CA8-1BB879DE2A38}.Debug|Any CPU.Build.0 = Debug|Any CPU
		{9D461AA7-00F0-4516-8CA8-1BB879DE2A38}.Release|Any CPU.ActiveCfg = Release|Any CPU
		{9D461AA7-00F0-4516-8CA8-1BB879DE2A38}.Release|Any CPU.Build.0 = Release|Any CPU
		{8EED14C0-F297-4E1C-85B1-583E9670B6C2}.Debug|Any CPU.ActiveCfg = Debug|Any CPU
		{8EED14C0-F297-4E1C-85B1-583E9670B6C2}.Debug|Any CPU.Build.0 = Debug|Any CPU
		{8EED14C0-F297-4E1C-85B1-583E9670B6C2}.Release|Any CPU.ActiveCfg = Release|Any CPU
		{8EED14C0-F297-4E1C-85B1-583E9670B6C2}.Release|Any CPU.Build.0 = Release|Any CPU
		{F98F13E0-F22D-4607-B0E0-8631BE7C0535}.Debug|Any CPU.ActiveCfg = Debug|Any CPU
		{F98F13E0-F22D-4607-B0E0-8631BE7C0535}.Debug|Any CPU.Build.0 = Debug|Any CPU
		{F98F13E0-F22D-4607-B0E0-8631BE7C0535}.Release|Any CPU.ActiveCfg = Release|Any CPU
		{F98F13E0-F22D-4607-B0E0-8631BE7C0535}.Release|Any CPU.Build.0 = Release|Any CPU
		{49B215C2-538E-42BD-9520-40339DFEA426}.Debug|Any CPU.ActiveCfg = Debug|Any CPU
		{49B215C2-538E-42BD-9520-40339DFEA426}.Debug|Any CPU.Build.0 = Debug|Any CPU
		{49B215C2-538E-42BD-9520-40339DFEA426}.Release|Any CPU.ActiveCfg = Release|Any CPU
		{49B215C2-538E-42BD-9520-40339DFEA426}.Release|Any CPU.Build.0 = Release|Any CPU
		{717710FB-A635-4D4B-B5C2-52D0117F3138}.Debug|Any CPU.ActiveCfg = Debug|Any CPU
		{717710FB-A635-4D4B-B5C2-52D0117F3138}.Debug|Any CPU.Build.0 = Debug|Any CPU
		{717710FB-A635-4D4B-B5C2-52D0117F3138}.Release|Any CPU.ActiveCfg = Release|Any CPU
		{717710FB-A635-4D4B-B5C2-52D0117F3138}.Release|Any CPU.Build.0 = Release|Any CPU
		{5095D985-CA46-4DA6-ABA5-769789F235BA}.Debug|Any CPU.ActiveCfg = Debug|Any CPU
		{5095D985-CA46-4DA6-ABA5-769789F235BA}.Debug|Any CPU.Build.0 = Debug|Any CPU
		{5095D985-CA46-4DA6-ABA5-769789F235BA}.Release|Any CPU.ActiveCfg = Release|Any CPU
		{5095D985-CA46-4DA6-ABA5-769789F235BA}.Release|Any CPU.Build.0 = Release|Any CPU
	EndGlobalSection
	GlobalSection(SolutionProperties) = preSolution
		HideSolutionNode = FALSE
	EndGlobalSection
	GlobalSection(NestedProjects) = preSolution
		{9D461AA7-00F0-4516-8CA8-1BB879DE2A38} = {5D52D5FF-CB1C-4988-A9FD-0832F706815E}
		{8EED14C0-F297-4E1C-85B1-583E9670B6C2} = {44D69030-29DD-4767-85CE-D9CA03BF3C29}
		{F98F13E0-F22D-4607-B0E0-8631BE7C0535} = {B767DD71-FEA4-4D3B-BD05-DB5B8E7FA767}
		{49B215C2-538E-42BD-9520-40339DFEA426} = {42AC326A-456E-403A-B131-88C43F403D06}
		{717710FB-A635-4D4B-B5C2-52D0117F3138} = {B767DD71-FEA4-4D3B-BD05-DB5B8E7FA767}
	EndGlobalSection
	GlobalSection(ExtensibilityGlobals) = postSolution
		SolutionGuid = {ED753B0F-3119-4C9E-9E30-D224D6037539}
	EndGlobalSection
EndGlobal
